// !$*UTF8*$!
{
	archiveVersion = 1;
	classes = {
	};
	objectVersion = 55;
	objects = {

/* Begin PBXBuildFile section */
		7F84D35E27CD59BA0059C159 /* MultiToggle.swift in Sources */ = {isa = PBXBuildFile; fileRef = 7F84D35D27CD59BA0059C159 /* MultiToggle.swift */; };
		7F8C5E1B27CD8CCD00A80A7D /* CreateTask.swift in Sources */ = {isa = PBXBuildFile; fileRef = 7F8C5E1A27CD8CCD00A80A7D /* CreateTask.swift */; };
		7F8C5E1D27CD8CEC00A80A7D /* HelpersAndExtensions.swift in Sources */ = {isa = PBXBuildFile; fileRef = 7F8C5E1C27CD8CEC00A80A7D /* HelpersAndExtensions.swift */; };
		7F8C5E1F27CD8EB600A80A7D /* Networking.swift in Sources */ = {isa = PBXBuildFile; fileRef = 7FB4551427CA205A00875726 /* Networking.swift */; };
		7F8C5E2127CD8F6900A80A7D /* MockNetworking.swift in Sources */ = {isa = PBXBuildFile; fileRef = 7F8C5E2027CD8F6900A80A7D /* MockNetworking.swift */; };
		7FB4550027CA151200875726 /* ThrottledTask_ExampleApp.swift in Sources */ = {isa = PBXBuildFile; fileRef = 7FB454F027CA151100875726 /* ThrottledTask_ExampleApp.swift */; };
		7FB4550127CA151200875726 /* ThrottledTask_ExampleApp.swift in Sources */ = {isa = PBXBuildFile; fileRef = 7FB454F027CA151100875726 /* ThrottledTask_ExampleApp.swift */; };
		7FB4550227CA151200875726 /* TaskView.swift in Sources */ = {isa = PBXBuildFile; fileRef = 7FB454F127CA151100875726 /* TaskView.swift */; };
		7FB4550327CA151200875726 /* TaskView.swift in Sources */ = {isa = PBXBuildFile; fileRef = 7FB454F127CA151100875726 /* TaskView.swift */; };
		7FB4550427CA151200875726 /* Assets.xcassets in Resources */ = {isa = PBXBuildFile; fileRef = 7FB454F227CA151200875726 /* Assets.xcassets */; };
		7FB4550527CA151200875726 /* Assets.xcassets in Resources */ = {isa = PBXBuildFile; fileRef = 7FB454F227CA151200875726 /* Assets.xcassets */; };
		7FB4551527CA205A00875726 /* Networking.swift in Sources */ = {isa = PBXBuildFile; fileRef = 7FB4551427CA205A00875726 /* Networking.swift */; };
		7FB4551927CA206F00875726 /* ExampleView.swift in Sources */ = {isa = PBXBuildFile; fileRef = 7FB4551727CA206F00875726 /* ExampleView.swift */; };
		7FB4551A27CA206F00875726 /* ExampleView.swift in Sources */ = {isa = PBXBuildFile; fileRef = 7FB4551727CA206F00875726 /* ExampleView.swift */; };
		7FB4551B27CA206F00875726 /* ExampleViewModel.swift in Sources */ = {isa = PBXBuildFile; fileRef = 7FB4551827CA206F00875726 /* ExampleViewModel.swift */; };
		7FB4551C27CA206F00875726 /* ExampleViewModel.swift in Sources */ = {isa = PBXBuildFile; fileRef = 7FB4551827CA206F00875726 /* ExampleViewModel.swift */; };
		9CF332EEE584B227EBEB4642 /* Pods_ThrottledTask_Example__macOS_.framework in Frameworks */ = {isa = PBXBuildFile; fileRef = 18292AA93575037A8E0F24C1 /* Pods_ThrottledTask_Example__macOS_.framework */; };
		EA31AF23813EAFDB13E47F27 /* Pods_ThrottledTask_Example__iOS_.framework in Frameworks */ = {isa = PBXBuildFile; fileRef = 49E9D9D0B7B049D7C2D8CCE3 /* Pods_ThrottledTask_Example__iOS_.framework */; };
/* End PBXBuildFile section */

/* Begin PBXFileReference section */
		0E5705705CFCF5FBD9C2100F /* Pods-ThrottledTask_Example (iOS).debug.xcconfig */ = {isa = PBXFileReference; includeInIndex = 1; lastKnownFileType = text.xcconfig; name = "Pods-ThrottledTask_Example (iOS).debug.xcconfig"; path = "Target Support Files/Pods-ThrottledTask_Example (iOS)/Pods-ThrottledTask_Example (iOS).debug.xcconfig"; sourceTree = "<group>"; };
		16EF0B449002E9F89ED89C04 /* Pods-ThrottledTask_Example (iOS).release.xcconfig */ = {isa = PBXFileReference; includeInIndex = 1; lastKnownFileType = text.xcconfig; name = "Pods-ThrottledTask_Example (iOS).release.xcconfig"; path = "Target Support Files/Pods-ThrottledTask_Example (iOS)/Pods-ThrottledTask_Example (iOS).release.xcconfig"; sourceTree = "<group>"; };
		18292AA93575037A8E0F24C1 /* Pods_ThrottledTask_Example__macOS_.framework */ = {isa = PBXFileReference; explicitFileType = wrapper.framework; includeInIndex = 0; path = Pods_ThrottledTask_Example__macOS_.framework; sourceTree = BUILT_PRODUCTS_DIR; };
		49E9D9D0B7B049D7C2D8CCE3 /* Pods_ThrottledTask_Example__iOS_.framework */ = {isa = PBXFileReference; explicitFileType = wrapper.framework; includeInIndex = 0; path = Pods_ThrottledTask_Example__iOS_.framework; sourceTree = BUILT_PRODUCTS_DIR; };
		7F84D35D27CD59BA0059C159 /* MultiToggle.swift */ = {isa = PBXFileReference; lastKnownFileType = sourcecode.swift; path = MultiToggle.swift; sourceTree = "<group>"; };
		7F8C5E1A27CD8CCD00A80A7D /* CreateTask.swift */ = {isa = PBXFileReference; lastKnownFileType = sourcecode.swift; path = CreateTask.swift; sourceTree = "<group>"; };
		7F8C5E1C27CD8CEC00A80A7D /* HelpersAndExtensions.swift */ = {isa = PBXFileReference; lastKnownFileType = sourcecode.swift; path = HelpersAndExtensions.swift; sourceTree = "<group>"; };
		7F8C5E2027CD8F6900A80A7D /* MockNetworking.swift */ = {isa = PBXFileReference; lastKnownFileType = sourcecode.swift; path = MockNetworking.swift; sourceTree = "<group>"; };
		7FB454F027CA151100875726 /* ThrottledTask_ExampleApp.swift */ = {isa = PBXFileReference; lastKnownFileType = sourcecode.swift; path = ThrottledTask_ExampleApp.swift; sourceTree = "<group>"; };
		7FB454F127CA151100875726 /* TaskView.swift */ = {isa = PBXFileReference; lastKnownFileType = sourcecode.swift; path = TaskView.swift; sourceTree = "<group>"; };
		7FB454F227CA151200875726 /* Assets.xcassets */ = {isa = PBXFileReference; lastKnownFileType = folder.assetcatalog; path = Assets.xcassets; sourceTree = "<group>"; };
		7FB454F727CA151200875726 /* ThrottledTask_Example.app */ = {isa = PBXFileReference; explicitFileType = wrapper.application; includeInIndex = 0; path = ThrottledTask_Example.app; sourceTree = BUILT_PRODUCTS_DIR; };
		7FB454FD27CA151200875726 /* ThrottledTask_Example.app */ = {isa = PBXFileReference; explicitFileType = wrapper.application; includeInIndex = 0; path = ThrottledTask_Example.app; sourceTree = BUILT_PRODUCTS_DIR; };
		7FB454FF27CA151200875726 /* macOS.entitlements */ = {isa = PBXFileReference; lastKnownFileType = text.plist.entitlements; path = macOS.entitlements; sourceTree = "<group>"; };
		7FB4551427CA205A00875726 /* Networking.swift */ = {isa = PBXFileReference; fileEncoding = 4; lastKnownFileType = sourcecode.swift; path = Networking.swift; sourceTree = "<group>"; };
		7FB4551727CA206F00875726 /* ExampleView.swift */ = {isa = PBXFileReference; fileEncoding = 4; lastKnownFileType = sourcecode.swift; path = ExampleView.swift; sourceTree = "<group>"; };
		7FB4551827CA206F00875726 /* ExampleViewModel.swift */ = {isa = PBXFileReference; fileEncoding = 4; lastKnownFileType = sourcecode.swift; path = ExampleViewModel.swift; sourceTree = "<group>"; };
		CEE8A274BCBD1F5ED53D3130 /* Pods-ThrottledTask_Example (macOS).debug.xcconfig */ = {isa = PBXFileReference; includeInIndex = 1; lastKnownFileType = text.xcconfig; name = "Pods-ThrottledTask_Example (macOS).debug.xcconfig"; path = "Target Support Files/Pods-ThrottledTask_Example (macOS)/Pods-ThrottledTask_Example (macOS).debug.xcconfig"; sourceTree = "<group>"; };
		D3C06B434E54AF9FE921D554 /* Pods-ThrottledTask_Example (macOS).release.xcconfig */ = {isa = PBXFileReference; includeInIndex = 1; lastKnownFileType = text.xcconfig; name = "Pods-ThrottledTask_Example (macOS).release.xcconfig"; path = "Target Support Files/Pods-ThrottledTask_Example (macOS)/Pods-ThrottledTask_Example (macOS).release.xcconfig"; sourceTree = "<group>"; };
/* End PBXFileReference section */

/* Begin PBXFrameworksBuildPhase section */
		7FB454F427CA151200875726 /* Frameworks */ = {
			isa = PBXFrameworksBuildPhase;
			buildActionMask = 2147483647;
			files = (
				EA31AF23813EAFDB13E47F27 /* Pods_ThrottledTask_Example__iOS_.framework in Frameworks */,
			);
			runOnlyForDeploymentPostprocessing = 0;
		};
		7FB454FA27CA151200875726 /* Frameworks */ = {
			isa = PBXFrameworksBuildPhase;
			buildActionMask = 2147483647;
			files = (
				9CF332EEE584B227EBEB4642 /* Pods_ThrottledTask_Example__macOS_.framework in Frameworks */,
			);
			runOnlyForDeploymentPostprocessing = 0;
		};
/* End PBXFrameworksBuildPhase section */

/* Begin PBXGroup section */
		5D0DA4BB550AE84AC960687D /* Frameworks */ = {
			isa = PBXGroup;
			children = (
				49E9D9D0B7B049D7C2D8CCE3 /* Pods_ThrottledTask_Example__iOS_.framework */,
				18292AA93575037A8E0F24C1 /* Pods_ThrottledTask_Example__macOS_.framework */,
			);
			name = Frameworks;
			sourceTree = "<group>";
		};
		7F8C5E1927CD8CBE00A80A7D /* HelperViews */ = {
			isa = PBXGroup;
			children = (
				7F84D35D27CD59BA0059C159 /* MultiToggle.swift */,
				7F8C5E1A27CD8CCD00A80A7D /* CreateTask.swift */,
			);
			path = HelperViews;
			sourceTree = "<group>";
		};
		7F8C5E1E27CD8E5900A80A7D /* Helpers */ = {
			isa = PBXGroup;
			children = (
				7F8C5E2027CD8F6900A80A7D /* MockNetworking.swift */,
				7F8C5E1927CD8CBE00A80A7D /* HelperViews */,
				7F8C5E1C27CD8CEC00A80A7D /* HelpersAndExtensions.swift */,
			);
			path = Helpers;
			sourceTree = "<group>";
		};
		7FB454EA27CA151100875726 = {
			isa = PBXGroup;
			children = (
				7FB454EF27CA151100875726 /* Shared */,
				7FB454FE27CA151200875726 /* macOS */,
				7FB454F827CA151200875726 /* Products */,
				8D663CF43F41BD050FFA54BA /* Pods */,
				5D0DA4BB550AE84AC960687D /* Frameworks */,
			);
			sourceTree = "<group>";
		};
		7FB454EF27CA151100875726 /* Shared */ = {
			isa = PBXGroup;
			children = (
				7FB454F027CA151100875726 /* ThrottledTask_ExampleApp.swift */,
				7FB454F127CA151100875726 /* TaskView.swift */,
				7FB4551D27CA207200875726 /* ExampleView */,
				7FB4551427CA205A00875726 /* Networking.swift */,
				7F8C5E1E27CD8E5900A80A7D /* Helpers */,
				7FB454F227CA151200875726 /* Assets.xcassets */,
			);
			path = Shared;
			sourceTree = "<group>";
		};
		7FB454F827CA151200875726 /* Products */ = {
			isa = PBXGroup;
			children = (
				7FB454F727CA151200875726 /* ThrottledTask_Example.app */,
				7FB454FD27CA151200875726 /* ThrottledTask_Example.app */,
			);
			name = Products;
			sourceTree = "<group>";
		};
		7FB454FE27CA151200875726 /* macOS */ = {
			isa = PBXGroup;
			children = (
				7FB454FF27CA151200875726 /* macOS.entitlements */,
			);
			path = macOS;
			sourceTree = "<group>";
		};
		7FB4551D27CA207200875726 /* ExampleView */ = {
			isa = PBXGroup;
			children = (
				7FB4551727CA206F00875726 /* ExampleView.swift */,
				7FB4551827CA206F00875726 /* ExampleViewModel.swift */,
			);
			path = ExampleView;
			sourceTree = "<group>";
		};
		8D663CF43F41BD050FFA54BA /* Pods */ = {
			isa = PBXGroup;
			children = (
				0E5705705CFCF5FBD9C2100F /* Pods-ThrottledTask_Example (iOS).debug.xcconfig */,
				16EF0B449002E9F89ED89C04 /* Pods-ThrottledTask_Example (iOS).release.xcconfig */,
				CEE8A274BCBD1F5ED53D3130 /* Pods-ThrottledTask_Example (macOS).debug.xcconfig */,
				D3C06B434E54AF9FE921D554 /* Pods-ThrottledTask_Example (macOS).release.xcconfig */,
			);
			path = Pods;
			sourceTree = "<group>";
		};
/* End PBXGroup section */

/* Begin PBXNativeTarget section */
		7FB454F627CA151200875726 /* ThrottledTask_Example (iOS) */ = {
			isa = PBXNativeTarget;
			buildConfigurationList = 7FB4550827CA151200875726 /* Build configuration list for PBXNativeTarget "ThrottledTask_Example (iOS)" */;
			buildPhases = (
				5B2666C50B23656240027F40 /* [CP] Check Pods Manifest.lock */,
				7FB454F327CA151200875726 /* Sources */,
				7FB454F427CA151200875726 /* Frameworks */,
				7FB454F527CA151200875726 /* Resources */,
				35193BE650911CE645DD8C69 /* [CP] Embed Pods Frameworks */,
			);
			buildRules = (
			);
			dependencies = (
			);
			name = "ThrottledTask_Example (iOS)";
			productName = "ThrottledTask_Example (iOS)";
			productReference = 7FB454F727CA151200875726 /* ThrottledTask_Example.app */;
			productType = "com.apple.product-type.application";
		};
		7FB454FC27CA151200875726 /* ThrottledTask_Example (macOS) */ = {
			isa = PBXNativeTarget;
			buildConfigurationList = 7FB4550B27CA151200875726 /* Build configuration list for PBXNativeTarget "ThrottledTask_Example (macOS)" */;
			buildPhases = (
				7177FDD7E273D10CCF02EFC9 /* [CP] Check Pods Manifest.lock */,
				7FB454F927CA151200875726 /* Sources */,
				7FB454FA27CA151200875726 /* Frameworks */,
				7FB454FB27CA151200875726 /* Resources */,
			);
			buildRules = (
			);
			dependencies = (
			);
			name = "ThrottledTask_Example (macOS)";
			productName = "ThrottledTask_Example (macOS)";
			productReference = 7FB454FD27CA151200875726 /* ThrottledTask_Example.app */;
			productType = "com.apple.product-type.application";
		};
/* End PBXNativeTarget section */

/* Begin PBXProject section */
		7FB454EB27CA151100875726 /* Project object */ = {
			isa = PBXProject;
			attributes = {
				BuildIndependentTargetsInParallel = 1;
				LastSwiftUpdateCheck = 1320;
				LastUpgradeCheck = 1320;
				TargetAttributes = {
					7FB454F627CA151200875726 = {
						CreatedOnToolsVersion = 13.2.1;
					};
					7FB454FC27CA151200875726 = {
						CreatedOnToolsVersion = 13.2.1;
					};
				};
			};
			buildConfigurationList = 7FB454EE27CA151100875726 /* Build configuration list for PBXProject "ThrottledTask_Example" */;
			compatibilityVersion = "Xcode 13.0";
			developmentRegion = en;
			hasScannedForEncodings = 0;
			knownRegions = (
				en,
				Base,
			);
			mainGroup = 7FB454EA27CA151100875726;
			productRefGroup = 7FB454F827CA151200875726 /* Products */;
			projectDirPath = "";
			projectRoot = "";
			targets = (
				7FB454F627CA151200875726 /* ThrottledTask_Example (iOS) */,
				7FB454FC27CA151200875726 /* ThrottledTask_Example (macOS) */,
			);
		};
/* End PBXProject section */

/* Begin PBXResourcesBuildPhase section */
		7FB454F527CA151200875726 /* Resources */ = {
			isa = PBXResourcesBuildPhase;
			buildActionMask = 2147483647;
			files = (
				7FB4550427CA151200875726 /* Assets.xcassets in Resources */,
			);
			runOnlyForDeploymentPostprocessing = 0;
		};
		7FB454FB27CA151200875726 /* Resources */ = {
			isa = PBXResourcesBuildPhase;
			buildActionMask = 2147483647;
			files = (
				7FB4550527CA151200875726 /* Assets.xcassets in Resources */,
			);
			runOnlyForDeploymentPostprocessing = 0;
		};
/* End PBXResourcesBuildPhase section */

/* Begin PBXShellScriptBuildPhase section */
		35193BE650911CE645DD8C69 /* [CP] Embed Pods Frameworks */ = {
			isa = PBXShellScriptBuildPhase;
			buildActionMask = 2147483647;
			files = (
			);
			inputFileListPaths = (
				"${PODS_ROOT}/Target Support Files/Pods-ThrottledTask_Example (iOS)/Pods-ThrottledTask_Example (iOS)-frameworks-${CONFIGURATION}-input-files.xcfilelist",
			);
			name = "[CP] Embed Pods Frameworks";
			outputFileListPaths = (
				"${PODS_ROOT}/Target Support Files/Pods-ThrottledTask_Example (iOS)/Pods-ThrottledTask_Example (iOS)-frameworks-${CONFIGURATION}-output-files.xcfilelist",
			);
			runOnlyForDeploymentPostprocessing = 0;
			shellPath = /bin/sh;
			shellScript = "\"${PODS_ROOT}/Target Support Files/Pods-ThrottledTask_Example (iOS)/Pods-ThrottledTask_Example (iOS)-frameworks.sh\"\n";
			showEnvVarsInLog = 0;
		};
		5B2666C50B23656240027F40 /* [CP] Check Pods Manifest.lock */ = {
			isa = PBXShellScriptBuildPhase;
			buildActionMask = 2147483647;
			files = (
			);
			inputFileListPaths = (
			);
			inputPaths = (
				"${PODS_PODFILE_DIR_PATH}/Podfile.lock",
				"${PODS_ROOT}/Manifest.lock",
			);
			name = "[CP] Check Pods Manifest.lock";
			outputFileListPaths = (
			);
			outputPaths = (
				"$(DERIVED_FILE_DIR)/Pods-ThrottledTask_Example (iOS)-checkManifestLockResult.txt",
			);
			runOnlyForDeploymentPostprocessing = 0;
			shellPath = /bin/sh;
			shellScript = "diff \"${PODS_PODFILE_DIR_PATH}/Podfile.lock\" \"${PODS_ROOT}/Manifest.lock\" > /dev/null\nif [ $? != 0 ] ; then\n    # print error to STDERR\n    echo \"error: The sandbox is not in sync with the Podfile.lock. Run 'pod install' or update your CocoaPods installation.\" >&2\n    exit 1\nfi\n# This output is used by Xcode 'outputs' to avoid re-running this script phase.\necho \"SUCCESS\" > \"${SCRIPT_OUTPUT_FILE_0}\"\n";
			showEnvVarsInLog = 0;
		};
		7177FDD7E273D10CCF02EFC9 /* [CP] Check Pods Manifest.lock */ = {
			isa = PBXShellScriptBuildPhase;
			buildActionMask = 2147483647;
			files = (
			);
			inputFileListPaths = (
			);
			inputPaths = (
				"${PODS_PODFILE_DIR_PATH}/Podfile.lock",
				"${PODS_ROOT}/Manifest.lock",
			);
			name = "[CP] Check Pods Manifest.lock";
			outputFileListPaths = (
			);
			outputPaths = (
				"$(DERIVED_FILE_DIR)/Pods-ThrottledTask_Example (macOS)-checkManifestLockResult.txt",
			);
			runOnlyForDeploymentPostprocessing = 0;
			shellPath = /bin/sh;
			shellScript = "diff \"${PODS_PODFILE_DIR_PATH}/Podfile.lock\" \"${PODS_ROOT}/Manifest.lock\" > /dev/null\nif [ $? != 0 ] ; then\n    # print error to STDERR\n    echo \"error: The sandbox is not in sync with the Podfile.lock. Run 'pod install' or update your CocoaPods installation.\" >&2\n    exit 1\nfi\n# This output is used by Xcode 'outputs' to avoid re-running this script phase.\necho \"SUCCESS\" > \"${SCRIPT_OUTPUT_FILE_0}\"\n";
			showEnvVarsInLog = 0;
		};
/* End PBXShellScriptBuildPhase section */

/* Begin PBXSourcesBuildPhase section */
		7FB454F327CA151200875726 /* Sources */ = {
			isa = PBXSourcesBuildPhase;
			buildActionMask = 2147483647;
			files = (
				7FB4551B27CA206F00875726 /* ExampleViewModel.swift in Sources */,
				7F8C5E1B27CD8CCD00A80A7D /* CreateTask.swift in Sources */,
				7F84D35E27CD59BA0059C159 /* MultiToggle.swift in Sources */,
				7F8C5E1D27CD8CEC00A80A7D /* HelpersAndExtensions.swift in Sources */,
				7FB4551527CA205A00875726 /* Networking.swift in Sources */,
				7FB4550227CA151200875726 /* TaskView.swift in Sources */,
				7F8C5E2127CD8F6900A80A7D /* MockNetworking.swift in Sources */,
				7FB4550027CA151200875726 /* ThrottledTask_ExampleApp.swift in Sources */,
				7FB4551927CA206F00875726 /* ExampleView.swift in Sources */,
			);
			runOnlyForDeploymentPostprocessing = 0;
		};
		7FB454F927CA151200875726 /* Sources */ = {
			isa = PBXSourcesBuildPhase;
			buildActionMask = 2147483647;
			files = (
				7FB4551C27CA206F00875726 /* ExampleViewModel.swift in Sources */,
				7FB4550327CA151200875726 /* TaskView.swift in Sources */,
				7F8C5E1F27CD8EB600A80A7D /* Networking.swift in Sources */,
				7FB4550127CA151200875726 /* ThrottledTask_ExampleApp.swift in Sources */,
				7FB4551A27CA206F00875726 /* ExampleView.swift in Sources */,
			);
			runOnlyForDeploymentPostprocessing = 0;
		};
/* End PBXSourcesBuildPhase section */

/* Begin XCBuildConfiguration section */
		7FB4550627CA151200875726 /* Debug */ = {
			isa = XCBuildConfiguration;
			buildSettings = {
				ALWAYS_SEARCH_USER_PATHS = NO;
				CLANG_ANALYZER_NONNULL = YES;
				CLANG_ANALYZER_NUMBER_OBJECT_CONVERSION = YES_AGGRESSIVE;
				CLANG_CXX_LANGUAGE_STANDARD = "gnu++17";
				CLANG_CXX_LIBRARY = "libc++";
				CLANG_ENABLE_MODULES = YES;
				CLANG_ENABLE_OBJC_ARC = YES;
				CLANG_ENABLE_OBJC_WEAK = YES;
				CLANG_WARN_BLOCK_CAPTURE_AUTORELEASING = YES;
				CLANG_WARN_BOOL_CONVERSION = YES;
				CLANG_WARN_COMMA = YES;
				CLANG_WARN_CONSTANT_CONVERSION = YES;
				CLANG_WARN_DEPRECATED_OBJC_IMPLEMENTATIONS = YES;
				CLANG_WARN_DIRECT_OBJC_ISA_USAGE = YES_ERROR;
				CLANG_WARN_DOCUMENTATION_COMMENTS = YES;
				CLANG_WARN_EMPTY_BODY = YES;
				CLANG_WARN_ENUM_CONVERSION = YES;
				CLANG_WARN_INFINITE_RECURSION = YES;
				CLANG_WARN_INT_CONVERSION = YES;
				CLANG_WARN_NON_LITERAL_NULL_CONVERSION = YES;
				CLANG_WARN_OBJC_IMPLICIT_RETAIN_SELF = YES;
				CLANG_WARN_OBJC_LITERAL_CONVERSION = YES;
				CLANG_WARN_OBJC_ROOT_CLASS = YES_ERROR;
				CLANG_WARN_QUOTED_INCLUDE_IN_FRAMEWORK_HEADER = YES;
				CLANG_WARN_RANGE_LOOP_ANALYSIS = YES;
				CLANG_WARN_STRICT_PROTOTYPES = YES;
				CLANG_WARN_SUSPICIOUS_MOVE = YES;
				CLANG_WARN_UNGUARDED_AVAILABILITY = YES_AGGRESSIVE;
				CLANG_WARN_UNREACHABLE_CODE = YES;
				CLANG_WARN__DUPLICATE_METHOD_MATCH = YES;
				COPY_PHASE_STRIP = NO;
				DEBUG_INFORMATION_FORMAT = dwarf;
				ENABLE_STRICT_OBJC_MSGSEND = YES;
				ENABLE_TESTABILITY = YES;
				GCC_C_LANGUAGE_STANDARD = gnu11;
				GCC_DYNAMIC_NO_PIC = NO;
				GCC_NO_COMMON_BLOCKS = YES;
				GCC_OPTIMIZATION_LEVEL = 0;
				GCC_PREPROCESSOR_DEFINITIONS = (
					"DEBUG=1",
					"$(inherited)",
				);
				GCC_WARN_64_TO_32_BIT_CONVERSION = YES;
				GCC_WARN_ABOUT_RETURN_TYPE = YES_ERROR;
				GCC_WARN_UNDECLARED_SELECTOR = YES;
				GCC_WARN_UNINITIALIZED_AUTOS = YES_AGGRESSIVE;
				GCC_WARN_UNUSED_FUNCTION = YES;
				GCC_WARN_UNUSED_VARIABLE = YES;
				MTL_ENABLE_DEBUG_INFO = INCLUDE_SOURCE;
				MTL_FAST_MATH = YES;
				ONLY_ACTIVE_ARCH = YES;
				SWIFT_ACTIVE_COMPILATION_CONDITIONS = DEBUG;
				SWIFT_OPTIMIZATION_LEVEL = "-Onone";
			};
			name = Debug;
		};
		7FB4550727CA151200875726 /* Release */ = {
			isa = XCBuildConfiguration;
			buildSettings = {
				ALWAYS_SEARCH_USER_PATHS = NO;
				CLANG_ANALYZER_NONNULL = YES;
				CLANG_ANALYZER_NUMBER_OBJECT_CONVERSION = YES_AGGRESSIVE;
				CLANG_CXX_LANGUAGE_STANDARD = "gnu++17";
				CLANG_CXX_LIBRARY = "libc++";
				CLANG_ENABLE_MODULES = YES;
				CLANG_ENABLE_OBJC_ARC = YES;
				CLANG_ENABLE_OBJC_WEAK = YES;
				CLANG_WARN_BLOCK_CAPTURE_AUTORELEASING = YES;
				CLANG_WARN_BOOL_CONVERSION = YES;
				CLANG_WARN_COMMA = YES;
				CLANG_WARN_CONSTANT_CONVERSION = YES;
				CLANG_WARN_DEPRECATED_OBJC_IMPLEMENTATIONS = YES;
				CLANG_WARN_DIRECT_OBJC_ISA_USAGE = YES_ERROR;
				CLANG_WARN_DOCUMENTATION_COMMENTS = YES;
				CLANG_WARN_EMPTY_BODY = YES;
				CLANG_WARN_ENUM_CONVERSION = YES;
				CLANG_WARN_INFINITE_RECURSION = YES;
				CLANG_WARN_INT_CONVERSION = YES;
				CLANG_WARN_NON_LITERAL_NULL_CONVERSION = YES;
				CLANG_WARN_OBJC_IMPLICIT_RETAIN_SELF = YES;
				CLANG_WARN_OBJC_LITERAL_CONVERSION = YES;
				CLANG_WARN_OBJC_ROOT_CLASS = YES_ERROR;
				CLANG_WARN_QUOTED_INCLUDE_IN_FRAMEWORK_HEADER = YES;
				CLANG_WARN_RANGE_LOOP_ANALYSIS = YES;
				CLANG_WARN_STRICT_PROTOTYPES = YES;
				CLANG_WARN_SUSPICIOUS_MOVE = YES;
				CLANG_WARN_UNGUARDED_AVAILABILITY = YES_AGGRESSIVE;
				CLANG_WARN_UNREACHABLE_CODE = YES;
				CLANG_WARN__DUPLICATE_METHOD_MATCH = YES;
				COPY_PHASE_STRIP = NO;
				DEBUG_INFORMATION_FORMAT = "dwarf-with-dsym";
				ENABLE_NS_ASSERTIONS = NO;
				ENABLE_STRICT_OBJC_MSGSEND = YES;
				GCC_C_LANGUAGE_STANDARD = gnu11;
				GCC_NO_COMMON_BLOCKS = YES;
				GCC_WARN_64_TO_32_BIT_CONVERSION = YES;
				GCC_WARN_ABOUT_RETURN_TYPE = YES_ERROR;
				GCC_WARN_UNDECLARED_SELECTOR = YES;
				GCC_WARN_UNINITIALIZED_AUTOS = YES_AGGRESSIVE;
				GCC_WARN_UNUSED_FUNCTION = YES;
				GCC_WARN_UNUSED_VARIABLE = YES;
				MTL_ENABLE_DEBUG_INFO = NO;
				MTL_FAST_MATH = YES;
				SWIFT_COMPILATION_MODE = wholemodule;
				SWIFT_OPTIMIZATION_LEVEL = "-O";
			};
			name = Release;
		};
		7FB4550927CA151200875726 /* Debug */ = {
			isa = XCBuildConfiguration;
			baseConfigurationReference = 0E5705705CFCF5FBD9C2100F /* Pods-ThrottledTask_Example (iOS).debug.xcconfig */;
			buildSettings = {
				ASSETCATALOG_COMPILER_APPICON_NAME = AppIcon;
				ASSETCATALOG_COMPILER_GLOBAL_ACCENT_COLOR_NAME = AccentColor;
				CODE_SIGN_STYLE = Automatic;
				CURRENT_PROJECT_VERSION = 1;
				DEVELOPMENT_TEAM = D7MN23CD5F;
				ENABLE_PREVIEWS = YES;
				GENERATE_INFOPLIST_FILE = YES;
				INFOPLIST_KEY_UIApplicationSceneManifest_Generation = YES;
				INFOPLIST_KEY_UIApplicationSupportsIndirectInputEvents = YES;
				INFOPLIST_KEY_UILaunchScreen_Generation = YES;
				INFOPLIST_KEY_UISupportedInterfaceOrientations_iPad = "UIInterfaceOrientationPortrait UIInterfaceOrientationPortraitUpsideDown UIInterfaceOrientationLandscapeLeft UIInterfaceOrientationLandscapeRight";
				INFOPLIST_KEY_UISupportedInterfaceOrientations_iPhone = "UIInterfaceOrientationPortrait UIInterfaceOrientationLandscapeLeft UIInterfaceOrientationLandscapeRight";
				IPHONEOS_DEPLOYMENT_TARGET = 15.0;
				LD_RUNPATH_SEARCH_PATHS = (
					"$(inherited)",
					"@executable_path/Frameworks",
				);
				MARKETING_VERSION = 1.0;
				PRODUCT_BUNDLE_IDENTIFIER = "com.anconaesselmann.ThrottledTask-Example";
				PRODUCT_NAME = ThrottledTask_Example;
				SDKROOT = iphoneos;
				SWIFT_EMIT_LOC_STRINGS = YES;
				SWIFT_VERSION = 5.0;
				TARGETED_DEVICE_FAMILY = "1,2";
			};
			name = Debug;
		};
		7FB4550A27CA151200875726 /* Release */ = {
			isa = XCBuildConfiguration;
			baseConfigurationReference = 16EF0B449002E9F89ED89C04 /* Pods-ThrottledTask_Example (iOS).release.xcconfig */;
			buildSettings = {
				ASSETCATALOG_COMPILER_APPICON_NAME = AppIcon;
				ASSETCATALOG_COMPILER_GLOBAL_ACCENT_COLOR_NAME = AccentColor;
				CODE_SIGN_STYLE = Automatic;
				CURRENT_PROJECT_VERSION = 1;
				DEVELOPMENT_TEAM = D7MN23CD5F;
				ENABLE_PREVIEWS = YES;
				GENERATE_INFOPLIST_FILE = YES;
				INFOPLIST_KEY_UIApplicationSceneManifest_Generation = YES;
				INFOPLIST_KEY_UIApplicationSupportsIndirectInputEvents = YES;
				INFOPLIST_KEY_UILaunchScreen_Generation = YES;
				INFOPLIST_KEY_UISupportedInterfaceOrientations_iPad = "UIInterfaceOrientationPortrait UIInterfaceOrientationPortraitUpsideDown UIInterfaceOrientationLandscapeLeft UIInterfaceOrientationLandscapeRight";
				INFOPLIST_KEY_UISupportedInterfaceOrientations_iPhone = "UIInterfaceOrientationPortrait UIInterfaceOrientationLandscapeLeft UIInterfaceOrientationLandscapeRight";
				IPHONEOS_DEPLOYMENT_TARGET = 15.0;
				LD_RUNPATH_SEARCH_PATHS = (
					"$(inherited)",
					"@executable_path/Frameworks",
				);
				MARKETING_VERSION = 1.0;
				PRODUCT_BUNDLE_IDENTIFIER = "com.anconaesselmann.ThrottledTask-Example";
				PRODUCT_NAME = ThrottledTask_Example;
				SDKROOT = iphoneos;
				SWIFT_EMIT_LOC_STRINGS = YES;
				SWIFT_VERSION = 5.0;
				TARGETED_DEVICE_FAMILY = "1,2";
				VALIDATE_PRODUCT = YES;
			};
			name = Release;
		};
		7FB4550C27CA151200875726 /* Debug */ = {
			isa = XCBuildConfiguration;
			baseConfigurationReference = CEE8A274BCBD1F5ED53D3130 /* Pods-ThrottledTask_Example (macOS).debug.xcconfig */;
			buildSettings = {
				ASSETCATALOG_COMPILER_APPICON_NAME = AppIcon;
				ASSETCATALOG_COMPILER_GLOBAL_ACCENT_COLOR_NAME = AccentColor;
				CODE_SIGN_ENTITLEMENTS = macOS/macOS.entitlements;
				CODE_SIGN_STYLE = Automatic;
				COMBINE_HIDPI_IMAGES = YES;
				CURRENT_PROJECT_VERSION = 1;
				DEVELOPMENT_TEAM = D7MN23CD5F;
				ENABLE_HARDENED_RUNTIME = YES;
				ENABLE_PREVIEWS = YES;
				GENERATE_INFOPLIST_FILE = YES;
				INFOPLIST_KEY_NSHumanReadableCopyright = "";
				LD_RUNPATH_SEARCH_PATHS = (
					"$(inherited)",
					"@executable_path/../Frameworks",
				);
				MACOSX_DEPLOYMENT_TARGET = 12.0;
				MARKETING_VERSION = 1.0;
				PRODUCT_BUNDLE_IDENTIFIER = "com.anconaesselmann.ThrottledTask-Example";
				PRODUCT_NAME = ThrottledTask_Example;
				SDKROOT = macosx;
				SWIFT_EMIT_LOC_STRINGS = YES;
				SWIFT_VERSION = 5.0;
			};
			name = Debug;
		};
		7FB4550D27CA151200875726 /* Release */ = {
			isa = XCBuildConfiguration;
			baseConfigurationReference = D3C06B434E54AF9FE921D554 /* Pods-ThrottledTask_Example (macOS).release.xcconfig */;
			buildSettings = {
				ASSETCATALOG_COMPILER_APPICON_NAME = AppIcon;
				ASSETCATALOG_COMPILER_GLOBAL_ACCENT_COLOR_NAME = AccentColor;
				CODE_SIGN_ENTITLEMENTS = macOS/macOS.entitlements;
				CODE_SIGN_STYLE = Automatic;
				COMBINE_HIDPI_IMAGES = YES;
				CURRENT_PROJECT_VERSION = 1;
				DEVELOPMENT_TEAM = D7MN23CD5F;
				ENABLE_HARDENED_RUNTIME = YES;
				ENABLE_PREVIEWS = YES;
				GENERATE_INFOPLIST_FILE = YES;
				INFOPLIST_KEY_NSHumanReadableCopyright = "";
				LD_RUNPATH_SEARCH_PATHS = (
					"$(inherited)",
					"@executable_path/../Frameworks",
				);
				MACOSX_DEPLOYMENT_TARGET = 12.0;
				MARKETING_VERSION = 1.0;
				PRODUCT_BUNDLE_IDENTIFIER = "com.anconaesselmann.ThrottledTask-Example";
				PRODUCT_NAME = ThrottledTask_Example;
				SDKROOT = macosx;
				SWIFT_EMIT_LOC_STRINGS = YES;
				SWIFT_VERSION = 5.0;
			};
			name = Release;
		};
/* End XCBuildConfiguration section */

/* Begin XCConfigurationList section */
		7FB454EE27CA151100875726 /* Build configuration list for PBXProject "ThrottledTask_Example" */ = {
			isa = XCConfigurationList;
			buildConfigurations = (
				7FB4550627CA151200875726 /* Debug */,
				7FB4550727CA151200875726 /* Release */,
			);
			defaultConfigurationIsVisible = 0;
			defaultConfigurationName = Release;
		};
		7FB4550827CA151200875726 /* Build configuration list for PBXNativeTarget "ThrottledTask_Example (iOS)" */ = {
			isa = XCConfigurationList;
			buildConfigurations = (
				7FB4550927CA151200875726 /* Debug */,
				7FB4550A27CA151200875726 /* Release */,
			);
			defaultConfigurationIsVisible = 0;
			defaultConfigurationName = Release;
		};
		7FB4550B27CA151200875726 /* Build configuration list for PBXNativeTarget "ThrottledTask_Example (macOS)" */ = {
			isa = XCConfigurationList;
			buildConfigurations = (
				7FB4550C27CA151200875726 /* Debug */,
				7FB4550D27CA151200875726 /* Release */,
			);
			defaultConfigurationIsVisible = 0;
			defaultConfigurationName = Release;
		};
/* End XCConfigurationList section */
	};
	rootObject = 7FB454EB27CA151100875726 /* Project object */;
}
